
Microsoft Visual Studio Solution File, Format Version 12.00
# Visual Studio Version 16
VisualStudioVersion = 16.0.31729.503
MinimumVisualStudioVersion = 10.0.40219.1
Project("{9A19103F-16F7-4668-BE54-9A1E7A4F7556}") = "UserRegistration", "UserRegistration.csproj", "{8B296910-1DF5-44DB-9137-99B5F43B30DC}"
EndProject
Global
	GlobalSection(SolutionConfigurationPlatforms) = preSolution
		Debug|Any CPU = Debug|Any CPU
		Release|Any CPU = Release|Any CPU
	EndGlobalSection
	GlobalSection(ProjectConfigurationPlatforms) = postSolution
		{8B296910-1DF5-44DB-9137-99B5F43B30DC}.Debug|Any CPU.ActiveCfg = Debug|Any CPU
		{8B296910-1DF5-44DB-9137-99B5F43B30DC}.Debug|Any CPU.Build.0 = Debug|Any CPU
		{8B296910-1DF5-44DB-9137-99B5F43B30DC}.Release|Any CPU.ActiveCfg = Release|Any CPU
		{8B296910-1DF5-44DB-9137-99B5F43B30DC}.Release|Any CPU.Build.0 = Release|Any CPU
	EndGlobalSection
	GlobalSection(SolutionProperties) = preSolution
		HideSolutionNode = FALSE
	EndGlobalSection
	GlobalSection(ExtensibilityGlobals) = postSolution
		SolutionGuid = {ECFFB91F-3AD7-419A-9CB4-03867920B133}
	EndGlobalSection
EndGlobal
